
Microsoft Visual Studio Solution File, Format Version 12.00
# Visual Studio Version 17
VisualStudioVersion = 17.0.31815.197
MinimumVisualStudioVersion = 10.0.40219.1
Project("{FAE04EC0-301F-11D3-BF4B-00C04F79EFBC}") = "BlazorTestApp", "BlazorTestApp\BlazorTestApp.csproj", "{519BCCCB-323D-4010-AF96-C6500D89F04F}"
EndProject
Project("{FAE04EC0-301F-11D3-BF4B-00C04F79EFBC}") = "PlaywrightUITests", "PlaywriteUITests\PlaywrightUITests.csproj", "{43B2622E-F4D2-4FB5-B527-3DDFD78565CD}"
EndProject
Global
	GlobalSection(SolutionConfigurationPlatforms) = preSolution
		Debug|Any CPU = Debug|Any CPU
		Release|Any CPU = Release|Any CPU
	EndGlobalSection
	GlobalSection(ProjectConfigurationPlatforms) = postSolution
		{519BCCCB-323D-4010-AF96-C6500D89F04F}.Debug|Any CPU.ActiveCfg = Debug|Any CPU
		{519BCCCB-323D-4010-AF96-C6500D89F04F}.Debug|Any CPU.Build.0 = Debug|Any CPU
		{519BCCCB-323D-4010-AF96-C6500D89F04F}.Release|Any CPU.ActiveCfg = Release|Any CPU
		{519BCCCB-323D-4010-AF96-C6500D89F04F}.Release|Any CPU.Build.0 = Release|Any CPU
		{43B2622E-F4D2-4FB5-B527-3DDFD78565CD}.Debug|Any CPU.ActiveCfg = Debug|Any CPU
		{43B2622E-F4D2-4FB5-B527-3DDFD78565CD}.Debug|Any CPU.Build.0 = Debug|Any CPU
		{43B2622E-F4D2-4FB5-B527-3DDFD78565CD}.Release|Any CPU.ActiveCfg = Release|Any CPU
		{43B2622E-F4D2-4FB5-B527-3DDFD78565CD}.Release|Any CPU.Build.0 = Release|Any CPU
	EndGlobalSection
	GlobalSection(SolutionProperties) = preSolution
		HideSolutionNode = FALSE
	EndGlobalSection
	GlobalSection(ExtensibilityGlobals) = postSolution
		SolutionGuid = {B046CE52-0ECC-48EB-BAEF-84B9F624D175}
	EndGlobalSection
EndGlobal
